
Microsoft Visual Studio Solution File, Format Version 12.00
# Visual Studio Version 16
VisualStudioVersion = 16.0.30204.135
MinimumVisualStudioVersion = 10.0.40219.1
Project("{FAE04EC0-301F-11D3-BF4B-00C04F79EFBC}") = "BookStore-API", "BookStore-API\BookStore-API.csproj", "{FFD47E9F-D6B7-4E41-BA2B-411E3CAB4C9D}"
EndProject
Global
	GlobalSection(SolutionConfigurationPlatforms) = preSolution
		Debug|Any CPU = Debug|Any CPU
		Release|Any CPU = Release|Any CPU
	EndGlobalSection
	GlobalSection(ProjectConfigurationPlatforms) = postSolution
		{FFD47E9F-D6B7-4E41-BA2B-411E3CAB4C9D}.Debug|Any CPU.ActiveCfg = Debug|Any CPU
		{FFD47E9F-D6B7-4E41-BA2B-411E3CAB4C9D}.Debug|Any CPU.Build.0 = Debug|Any CPU
		{FFD47E9F-D6B7-4E41-BA2B-411E3CAB4C9D}.Release|Any CPU.ActiveCfg = Release|Any CPU
		{FFD47E9F-D6B7-4E41-BA2B-411E3CAB4C9D}.Release|Any CPU.Build.0 = Release|Any CPU
	EndGlobalSection
	GlobalSection(SolutionProperties) = preSolution
		HideSolutionNode = FALSE
	EndGlobalSection
	GlobalSection(ExtensibilityGlobals) = postSolution
		SolutionGuid = {2EC5E26D-F9AC-411A-9C82-2A08677A7647}
	EndGlobalSection
EndGlobal
